{
  "name": "clinic-dashboard",
  "lockfileVersion": 2,
  "requires": true,
  "packages": {
    "": {
      "dependencies": {
        "@types/material-ui": "^0.21.8",
        "@types/node": "^14.14.22",
        "@types/react": "^17.0.0",
        "@types/react-dom": "^17.0.0",
        "typescript": "^4.1.3"
      },
      "devDependencies": {
        "@types/react-helmet": "^6.1.0",
        "@types/react-redux": "^7.1.16",
        "@types/react-router-dom": "^5.1.7",
        "@types/recharts": "^1.8.19",
        "@types/redux": "^3.6.0",
        "redux-devtools-extension": "^2.13.8"
      }
    },
    "node_modules/@types/d3-path": {
      "version": "1.0.9",
      "resolved": "https://registry.npmjs.org/@types/d3-path/-/d3-path-1.0.9.tgz",
      "integrity": "sha512-NaIeSIBiFgSC6IGUBjZWcscUJEq7vpVu7KthHN8eieTV9d9MqkSOZLH4chq1PmcKy06PNe3axLeKmRIyxJ+PZQ==",
      "dev": true
    },
    "node_modules/@types/d3-shape": {
      "version": "1.3.5",
      "resolved": "https://registry.npmjs.org/@types/d3-shape/-/d3-shape-1.3.5.tgz",
      "integrity": "sha512-aPEax03owTAKynoK8ZkmkZEDZvvT4Y5pWgii4Jp4oQt0gH45j6siDl9gNDVC5kl64XHN2goN9jbYoHK88tFAcA==",
      "dev": true,
      "dependencies": {
        "@types/d3-path": "^1"
      }
    },
    "node_modules/@types/history": {
      "version": "4.7.8",
      "resolved": "https://registry.npmjs.org/@types/history/-/history-4.7.8.tgz",
      "integrity": "sha512-S78QIYirQcUoo6UJZx9CSP0O2ix9IaeAXwQi26Rhr/+mg7qqPy8TzaxHSUut7eGjL8WmLccT7/MXf304WjqHcA==",
      "dev": true
    },
    "node_modules/@types/hoist-non-react-statics": {
      "version": "3.3.1",
      "resolved": "https://registry.npmjs.org/@types/hoist-non-react-statics/-/hoist-non-react-statics-3.3.1.tgz",
      "integrity": "sha512-iMIqiko6ooLrTh1joXodJK5X9xeEALT1kM5G3ZLhD3hszxBdIEd5C75U834D9mLcINgD4OyZf5uQXjkuYydWvA==",
      "dev": true,
      "dependencies": {
        "@types/react": "*",
        "hoist-non-react-statics": "^3.3.0"
      }
    },
    "node_modules/@types/material-ui": {
      "version": "0.21.8",
      "resolved": "https://registry.npmjs.org/@types/material-ui/-/material-ui-0.21.8.tgz",
      "integrity": "sha512-Rsx3tRNoYkidDKfMfh+cegtOHMl73akzKnQ5pzxTrbx5oaUXLtG6YVlvtS43uebOSTDf8GQNaseB52r3zVagEg==",
      "dependencies": {
        "@types/react": "*",
        "@types/react-addons-linked-state-mixin": "*"
      }
    },
    "node_modules/@types/node": {
      "version": "14.14.22",
      "resolved": "https://registry.npmjs.org/@types/node/-/node-14.14.22.tgz",
      "integrity": "sha512-g+f/qj/cNcqKkc3tFqlXOYjrmZA+jNBiDzbP3kH+B+otKFqAdPgVTGP1IeKRdMml/aE69as5S4FqtxAbl+LaMw=="
    },
    "node_modules/@types/prop-types": {
      "version": "15.7.3",
      "resolved": "https://registry.npmjs.org/@types/prop-types/-/prop-types-15.7.3.tgz",
      "integrity": "sha512-KfRL3PuHmqQLOG+2tGpRO26Ctg+Cq1E01D2DMriKEATHgWLfeNDmq9e29Q9WIky0dQ3NPkd1mzYH8Lm936Z9qw=="
    },
    "node_modules/@types/react": {
      "version": "17.0.0",
      "resolved": "https://registry.npmjs.org/@types/react/-/react-17.0.0.tgz",
      "integrity": "sha512-aj/L7RIMsRlWML3YB6KZiXB3fV2t41+5RBGYF8z+tAKU43Px8C3cYUZsDvf1/+Bm4FK21QWBrDutu8ZJ/70qOw==",
      "dependencies": {
        "@types/prop-types": "*",
        "csstype": "^3.0.2"
      }
    },
    "node_modules/@types/react-addons-linked-state-mixin": {
      "version": "0.14.21",
      "resolved": "https://registry.npmjs.org/@types/react-addons-linked-state-mixin/-/react-addons-linked-state-mixin-0.14.21.tgz",
      "integrity": "sha512-3UF7Szd3JyuU+z90kqu8L4VdDWp7SUC0eRjV2QmMEliaHODGLi5XyO5ctS50K/lG6fjC0dSAPVbvnqv0nPoGMQ==",
      "dependencies": {
        "@types/react": "*"
      }
    },
    "node_modules/@types/react-dom": {
      "version": "17.0.0",
      "resolved": "https://registry.npmjs.org/@types/react-dom/-/react-dom-17.0.0.tgz",
      "integrity": "sha512-lUqY7OlkF/RbNtD5nIq7ot8NquXrdFrjSOR6+w9a9RFQevGi1oZO1dcJbXMeONAPKtZ2UrZOEJ5UOCVsxbLk/g==",
      "dependencies": {
        "@types/react": "*"
      }
    },
    "node_modules/@types/react-helmet": {
      "version": "6.1.0",
      "resolved": "https://registry.npmjs.org/@types/react-helmet/-/react-helmet-6.1.0.tgz",
      "integrity": "sha512-PYRoU1XJFOzQ3BHvWL1T8iDNbRjdMDJMT5hFmZKGbsq09kbSqJy61uwEpTrbTNWDopVphUT34zUSVLK9pjsgYQ==",
      "dev": true,
      "dependencies": {
        "@types/react": "*"
      }
    },
    "node_modules/@types/react-redux": {
      "version": "7.1.16",
      "resolved": "https://registry.npmjs.org/@types/react-redux/-/react-redux-7.1.16.tgz",
      "integrity": "sha512-f/FKzIrZwZk7YEO9E1yoxIuDNRiDducxkFlkw/GNMGEnK9n4K8wJzlJBghpSuOVDgEUHoDkDF7Gi9lHNQR4siw==",
      "dev": true,
      "dependencies": {
        "@types/hoist-non-react-statics": "^3.3.0",
        "@types/react": "*",
        "hoist-non-react-statics": "^3.3.0",
        "redux": "^4.0.0"
      }
    },
    "node_modules/@types/react-router": {
      "version": "5.1.11",
      "resolved": "https://registry.npmjs.org/@types/react-router/-/react-router-5.1.11.tgz",
      "integrity": "sha512-ofHbZMlp0Y2baOHgsWBQ4K3AttxY61bDMkwTiBOkPg7U6C/3UwwB5WaIx28JmSVi/eX3uFEMRo61BV22fDQIvg==",
      "dev": true,
      "dependencies": {
        "@types/history": "*",
        "@types/react": "*"
      }
    },
    "node_modules/@types/react-router-dom": {
      "version": "5.1.7",
      "resolved": "https://registry.npmjs.org/@types/react-router-dom/-/react-router-dom-5.1.7.tgz",
      "integrity": "sha512-D5mHD6TbdV/DNHYsnwBTv+y73ei+mMjrkGrla86HthE4/PVvL1J94Bu3qABU+COXzpL23T1EZapVVpwHuBXiUg==",
      "dev": true,
      "dependencies": {
        "@types/history": "*",
        "@types/react": "*",
        "@types/react-router": "*"
      }
    },
    "node_modules/@types/recharts": {
      "version": "1.8.19",
      "resolved": "https://registry.npmjs.org/@types/recharts/-/recharts-1.8.19.tgz",
      "integrity": "sha512-Fd2cYnBlWz/ga8rLmjwsZNBAc4CzXZiuTYPPqMIgrtQ02yI/OTm8WPM6ZyUuYlSdyangtsvFmHWzZ7W4tuknDA==",
      "dev": true,
      "dependencies": {
        "@types/d3-shape": "^1",
        "@types/react": "*"
      }
    },
    "node_modules/@types/redux": {
      "version": "3.6.0",
      "resolved": "https://registry.npmjs.org/@types/redux/-/redux-3.6.0.tgz",
      "integrity": "sha1-8evh5UEVGAcuT9/KXHbhbnTBOZo=",
      "deprecated": "This is a stub types definition for Redux (https://github.com/reactjs/redux). Redux provides its own type definitions, so you don't need @types/redux installed!",
      "dev": true,
      "dependencies": {
        "redux": "*"
      }
    },
    "node_modules/csstype": {
      "version": "3.0.6",
      "resolved": "https://registry.npmjs.org/csstype/-/csstype-3.0.6.tgz",
      "integrity": "sha512-+ZAmfyWMT7TiIlzdqJgjMb7S4f1beorDbWbsocyK4RaiqA5RTX3K14bnBWmmA9QEM0gRdsjyyrEmcyga8Zsxmw=="
    },
    "node_modules/hoist-non-react-statics": {
      "version": "3.3.2",
      "resolved": "https://registry.npmjs.org/hoist-non-react-statics/-/hoist-non-react-statics-3.3.2.tgz",
      "integrity": "sha512-/gGivxi8JPKWNm/W0jSmzcMPpfpPLc3dY/6GxhX2hQ9iGj3aDfklV4ET7NjKpSinLpJ5vafa9iiGIEZg10SfBw==",
      "dev": true,
      "dependencies": {
        "react-is": "^16.7.0"
      }
    },
    "node_modules/js-tokens": {
      "version": "4.0.0",
      "resolved": "https://registry.npmjs.org/js-tokens/-/js-tokens-4.0.0.tgz",
      "integrity": "sha512-RdJUflcE3cUzKiMqQgsCu06FPu9UdIJO0beYbPhHN4k6apgJtifcoCtT9bcxOpYBtpD2kCM6Sbzg4CausW/PKQ==",
      "dev": true
    },
    "node_modules/loose-envify": {
      "version": "1.4.0",
      "resolved": "https://registry.npmjs.org/loose-envify/-/loose-envify-1.4.0.tgz",
      "integrity": "sha512-lyuxPGr/Wfhrlem2CL/UcnUc1zcqKAImBDzukY7Y5F/yQiNdko6+fRLevlw1HgMySw7f611UIY408EtxRSoK3Q==",
      "dev": true,
      "dependencies": {
        "js-tokens": "^3.0.0 || ^4.0.0"
      },
      "bin": {
        "loose-envify": "cli.js"
      }
    },
    "node_modules/react-is": {
      "version": "16.13.1",
      "resolved": "https://registry.npmjs.org/react-is/-/react-is-16.13.1.tgz",
      "integrity": "sha512-24e6ynE2H+OKt4kqsOvNd8kBpV65zoxbA4BVsEOB3ARVWQki/DHzaUoC5KuON/BiccDaCCTZBuOcfZs70kR8bQ==",
      "dev": true
    },
    "node_modules/redux": {
      "version": "4.0.5",
      "resolved": "https://registry.npmjs.org/redux/-/redux-4.0.5.tgz",
      "integrity": "sha512-VSz1uMAH24DM6MF72vcojpYPtrTUu3ByVWfPL1nPfVRb5mZVTve5GnNCUV53QM/BZ66xfWrm0CTWoM+Xlz8V1w==",
      "dev": true,
      "dependencies": {
        "loose-envify": "^1.4.0",
        "symbol-observable": "^1.2.0"
      }
    },
    "node_modules/redux-devtools-extension": {
      "version": "2.13.8",
      "resolved": "https://registry.npmjs.org/redux-devtools-extension/-/redux-devtools-extension-2.13.8.tgz",
      "integrity": "sha512-8qlpooP2QqPtZHQZRhx3x3OP5skEV1py/zUdMY28WNAocbafxdG2tRD1MWE7sp8obGMNYuLWanhhQ7EQvT1FBg==",
      "dev": true,
      "peerDependencies": {
        "redux": "^3.1.0 || ^4.0.0"
      }
    },
    "node_modules/symbol-observable": {
      "version": "1.2.0",
      "resolved": "https://registry.npmjs.org/symbol-observable/-/symbol-observable-1.2.0.tgz",
      "integrity": "sha512-e900nM8RRtGhlV36KGEU9k65K3mPb1WV70OdjfxlG2EAuM1noi/E/BaW/uMhL7bPEssK8QV57vN3esixjUvcXQ==",
      "dev": true,
      "engines": {
        "node": ">=0.10.0"
      }
    },
    "node_modules/typescript": {
      "version": "4.1.3",
      "resolved": "https://registry.npmjs.org/typescript/-/typescript-4.1.3.tgz",
      "integrity": "sha512-B3ZIOf1IKeH2ixgHhj6la6xdwR9QrLC5d1VKeCSY4tvkqhF2eqd9O7txNlS0PO3GrBAFIdr3L1ndNwteUbZLYg==",
      "bin": {
        "tsc": "bin/tsc",
        "tsserver": "bin/tsserver"
      },
      "engines": {
        "node": ">=4.2.0"
      }
    }
  },
  "dependencies": {
    "@types/d3-path": {
      "version": "1.0.9",
      "resolved": "https://registry.npmjs.org/@types/d3-path/-/d3-path-1.0.9.tgz",
      "integrity": "sha512-NaIeSIBiFgSC6IGUBjZWcscUJEq7vpVu7KthHN8eieTV9d9MqkSOZLH4chq1PmcKy06PNe3axLeKmRIyxJ+PZQ==",
      "dev": true
    },
    "@types/d3-shape": {
      "version": "1.3.5",
      "resolved": "https://registry.npmjs.org/@types/d3-shape/-/d3-shape-1.3.5.tgz",
      "integrity": "sha512-aPEax03owTAKynoK8ZkmkZEDZvvT4Y5pWgii4Jp4oQt0gH45j6siDl9gNDVC5kl64XHN2goN9jbYoHK88tFAcA==",
      "dev": true,
      "requires": {
        "@types/d3-path": "^1"
      }
    },
    "@types/history": {
      "version": "4.7.8",
      "resolved": "https://registry.npmjs.org/@types/history/-/history-4.7.8.tgz",
      "integrity": "sha512-S78QIYirQcUoo6UJZx9CSP0O2ix9IaeAXwQi26Rhr/+mg7qqPy8TzaxHSUut7eGjL8WmLccT7/MXf304WjqHcA==",
      "dev": true
    },
    "@types/hoist-non-react-statics": {
      "version": "3.3.1",
      "resolved": "https://registry.npmjs.org/@types/hoist-non-react-statics/-/hoist-non-react-statics-3.3.1.tgz",
      "integrity": "sha512-iMIqiko6ooLrTh1joXodJK5X9xeEALT1kM5G3ZLhD3hszxBdIEd5C75U834D9mLcINgD4OyZf5uQXjkuYydWvA==",
      "dev": true,
      "requires": {
        "@types/react": "*",
        "hoist-non-react-statics": "^3.3.0"
      }
    },
    "@types/material-ui": {
      "version": "0.21.8",
      "resolved": "https://registry.npmjs.org/@types/material-ui/-/material-ui-0.21.8.tgz",
      "integrity": "sha512-Rsx3tRNoYkidDKfMfh+cegtOHMl73akzKnQ5pzxTrbx5oaUXLtG6YVlvtS43uebOSTDf8GQNaseB52r3zVagEg==",
      "requires": {
        "@types/react": "*",
        "@types/react-addons-linked-state-mixin": "*"
      }
    },
    "@types/node": {
      "version": "14.14.22",
      "resolved": "https://registry.npmjs.org/@types/node/-/node-14.14.22.tgz",
      "integrity": "sha512-g+f/qj/cNcqKkc3tFqlXOYjrmZA+jNBiDzbP3kH+B+otKFqAdPgVTGP1IeKRdMml/aE69as5S4FqtxAbl+LaMw=="
    },
    "@types/prop-types": {
      "version": "15.7.3",
      "resolved": "https://registry.npmjs.org/@types/prop-types/-/prop-types-15.7.3.tgz",
      "integrity": "sha512-KfRL3PuHmqQLOG+2tGpRO26Ctg+Cq1E01D2DMriKEATHgWLfeNDmq9e29Q9WIky0dQ3NPkd1mzYH8Lm936Z9qw=="
    },
    "@types/react": {
      "version": "17.0.0",
      "resolved": "https://registry.npmjs.org/@types/react/-/react-17.0.0.tgz",
      "integrity": "sha512-aj/L7RIMsRlWML3YB6KZiXB3fV2t41+5RBGYF8z+tAKU43Px8C3cYUZsDvf1/+Bm4FK21QWBrDutu8ZJ/70qOw==",
      "requires": {
        "@types/prop-types": "*",
        "csstype": "^3.0.2"
      }
    },
    "@types/react-addons-linked-state-mixin": {
      "version": "0.14.21",
      "resolved": "https://registry.npmjs.org/@types/react-addons-linked-state-mixin/-/react-addons-linked-state-mixin-0.14.21.tgz",
      "integrity": "sha512-3UF7Szd3JyuU+z90kqu8L4VdDWp7SUC0eRjV2QmMEliaHODGLi5XyO5ctS50K/lG6fjC0dSAPVbvnqv0nPoGMQ==",
      "requires": {
        "@types/react": "*"
      }
    },
    "@types/react-dom": {
      "version": "17.0.0",
      "resolved": "https://registry.npmjs.org/@types/react-dom/-/react-dom-17.0.0.tgz",
      "integrity": "sha512-lUqY7OlkF/RbNtD5nIq7ot8NquXrdFrjSOR6+w9a9RFQevGi1oZO1dcJbXMeONAPKtZ2UrZOEJ5UOCVsxbLk/g==",
      "requires": {
        "@types/react": "*"
      }
    },
    "@types/react-helmet": {
      "version": "6.1.0",
      "resolved": "https://registry.npmjs.org/@types/react-helmet/-/react-helmet-6.1.0.tgz",
      "integrity": "sha512-PYRoU1XJFOzQ3BHvWL1T8iDNbRjdMDJMT5hFmZKGbsq09kbSqJy61uwEpTrbTNWDopVphUT34zUSVLK9pjsgYQ==",
      "dev": true,
      "requires": {
        "@types/react": "*"
      }
    },
    "@types/react-redux": {
      "version": "7.1.16",
      "resolved": "https://registry.npmjs.org/@types/react-redux/-/react-redux-7.1.16.tgz",
      "integrity": "sha512-f/FKzIrZwZk7YEO9E1yoxIuDNRiDducxkFlkw/GNMGEnK9n4K8wJzlJBghpSuOVDgEUHoDkDF7Gi9lHNQR4siw==",
      "dev": true,
      "requires": {
        "@types/hoist-non-react-statics": "^3.3.0",
        "@types/react": "*",
        "hoist-non-react-statics": "^3.3.0",
        "redux": "^4.0.0"
      }
    },
    "@types/react-router": {
      "version": "5.1.11",
      "resolved": "https://registry.npmjs.org/@types/react-router/-/react-router-5.1.11.tgz",
      "integrity": "sha512-ofHbZMlp0Y2baOHgsWBQ4K3AttxY61bDMkwTiBOkPg7U6C/3UwwB5WaIx28JmSVi/eX3uFEMRo61BV22fDQIvg==",
      "dev": true,
      "requires": {
        "@types/history": "*",
        "@types/react": "*"
      }
    },
    "@types/react-router-dom": {
      "version": "5.1.7",
      "resolved": "https://registry.npmjs.org/@types/react-router-dom/-/react-router-dom-5.1.7.tgz",
      "integrity": "sha512-D5mHD6TbdV/DNHYsnwBTv+y73ei+mMjrkGrla86HthE4/PVvL1J94Bu3qABU+COXzpL23T1EZapVVpwHuBXiUg==",
      "dev": true,
      "requires": {
        "@types/history": "*",
        "@types/react": "*",
        "@types/react-router": "*"
      }
    },
    "@types/recharts": {
      "version": "1.8.19",
      "resolved": "https://registry.npmjs.org/@types/recharts/-/recharts-1.8.19.tgz",
      "integrity": "sha512-Fd2cYnBlWz/ga8rLmjwsZNBAc4CzXZiuTYPPqMIgrtQ02yI/OTm8WPM6ZyUuYlSdyangtsvFmHWzZ7W4tuknDA==",
      "dev": true,
      "requires": {
        "@types/d3-shape": "^1",
        "@types/react": "*"
      }
    },
    "@types/redux": {
      "version": "3.6.0",
      "resolved": "https://registry.npmjs.org/@types/redux/-/redux-3.6.0.tgz",
      "integrity": "sha1-8evh5UEVGAcuT9/KXHbhbnTBOZo=",
      "dev": true,
      "requires": {
        "redux": "*"
      }
    },
    "csstype": {
      "version": "3.0.6",
      "resolved": "https://registry.npmjs.org/csstype/-/csstype-3.0.6.tgz",
      "integrity": "sha512-+ZAmfyWMT7TiIlzdqJgjMb7S4f1beorDbWbsocyK4RaiqA5RTX3K14bnBWmmA9QEM0gRdsjyyrEmcyga8Zsxmw=="
    },
    "hoist-non-react-statics": {
      "version": "3.3.2",
      "resolved": "https://registry.npmjs.org/hoist-non-react-statics/-/hoist-non-react-statics-3.3.2.tgz",
      "integrity": "sha512-/gGivxi8JPKWNm/W0jSmzcMPpfpPLc3dY/6GxhX2hQ9iGj3aDfklV4ET7NjKpSinLpJ5vafa9iiGIEZg10SfBw==",
      "dev": true,
      "requires": {
        "react-is": "^16.7.0"
      }
    },
    "js-tokens": {
      "version": "4.0.0",
      "resolved": "https://registry.npmjs.org/js-tokens/-/js-tokens-4.0.0.tgz",
      "integrity": "sha512-RdJUflcE3cUzKiMqQgsCu06FPu9UdIJO0beYbPhHN4k6apgJtifcoCtT9bcxOpYBtpD2kCM6Sbzg4CausW/PKQ==",
      "dev": true
    },
    "loose-envify": {
      "version": "1.4.0",
      "resolved": "https://registry.npmjs.org/loose-envify/-/loose-envify-1.4.0.tgz",
      "integrity": "sha512-lyuxPGr/Wfhrlem2CL/UcnUc1zcqKAImBDzukY7Y5F/yQiNdko6+fRLevlw1HgMySw7f611UIY408EtxRSoK3Q==",
      "dev": true,
      "requires": {
        "js-tokens": "^3.0.0 || ^4.0.0"
      }
    },
    "react-is": {
      "version": "16.13.1",
      "resolved": "https://registry.npmjs.org/react-is/-/react-is-16.13.1.tgz",
      "integrity": "sha512-24e6ynE2H+OKt4kqsOvNd8kBpV65zoxbA4BVsEOB3ARVWQki/DHzaUoC5KuON/BiccDaCCTZBuOcfZs70kR8bQ==",
      "dev": true
    },
    "redux": {
      "version": "4.0.5",
      "resolved": "https://registry.npmjs.org/redux/-/redux-4.0.5.tgz",
      "integrity": "sha512-VSz1uMAH24DM6MF72vcojpYPtrTUu3ByVWfPL1nPfVRb5mZVTve5GnNCUV53QM/BZ66xfWrm0CTWoM+Xlz8V1w==",
      "dev": true,
      "requires": {
        "loose-envify": "^1.4.0",
        "symbol-observable": "^1.2.0"
      }
    },
    "redux-devtools-extension": {
      "version": "2.13.8",
      "resolved": "https://registry.npmjs.org/redux-devtools-extension/-/redux-devtools-extension-2.13.8.tgz",
      "integrity": "sha512-8qlpooP2QqPtZHQZRhx3x3OP5skEV1py/zUdMY28WNAocbafxdG2tRD1MWE7sp8obGMNYuLWanhhQ7EQvT1FBg==",
      "dev": true,
      "requires": {}
    },
    "symbol-observable": {
      "version": "1.2.0",
      "resolved": "https://registry.npmjs.org/symbol-observable/-/symbol-observable-1.2.0.tgz",
      "integrity": "sha512-e900nM8RRtGhlV36KGEU9k65K3mPb1WV70OdjfxlG2EAuM1noi/E/BaW/uMhL7bPEssK8QV57vN3esixjUvcXQ==",
      "dev": true
    },
    "typescript": {
      "version": "4.1.3",
      "resolved": "https://registry.npmjs.org/typescript/-/typescript-4.1.3.tgz",
      "integrity": "sha512-B3ZIOf1IKeH2ixgHhj6la6xdwR9QrLC5d1VKeCSY4tvkqhF2eqd9O7txNlS0PO3GrBAFIdr3L1ndNwteUbZLYg=="
    }
  }
}
